
Microsoft Visual Studio Solution File, Format Version 12.00
# Visual Studio Version 17
VisualStudioVersion = 17.1.32319.34
MinimumVisualStudioVersion = 10.0.40219.1
Project("{9A19103F-16F7-4668-BE54-9A1E7A4F7556}") = "Registration", "Registration\Registration.csproj", "{5ED239C1-351F-4A5C-8F5B-AEE597D0D021}"
EndProject
Global
	GlobalSection(SolutionConfigurationPlatforms) = preSolution
		Debug|Any CPU = Debug|Any CPU
		Release|Any CPU = Release|Any CPU
	EndGlobalSection
	GlobalSection(ProjectConfigurationPlatforms) = postSolution
		{5ED239C1-351F-4A5C-8F5B-AEE597D0D021}.Debug|Any CPU.ActiveCfg = Debug|Any CPU
		{5ED239C1-351F-4A5C-8F5B-AEE597D0D021}.Debug|Any CPU.Build.0 = Debug|Any CPU
		{5ED239C1-351F-4A5C-8F5B-AEE597D0D021}.Release|Any CPU.ActiveCfg = Release|Any CPU
		{5ED239C1-351F-4A5C-8F5B-AEE597D0D021}.Release|Any CPU.Build.0 = Release|Any CPU
	EndGlobalSection
	GlobalSection(SolutionProperties) = preSolution
		HideSolutionNode = FALSE
	EndGlobalSection
	GlobalSection(ExtensibilityGlobals) = postSolution
		SolutionGuid = {864B5477-47EA-41DE-A033-9C358DCE01A0}
	EndGlobalSection
EndGlobal
